
Microsoft Visual Studio Solution File, Format Version 12.00
# Visual Studio 2013
VisualStudioVersion = 12.0.21005.1
MinimumVisualStudioVersion = 10.0.40219.1
Project("{FAE04EC0-301F-11D3-BF4B-00C04F79EFBC}") = "GUI", "GUI\GUI.csproj", "{00E840B7-5D18-44E0-BAD5-6D144C6F4151}"
EndProject
Project("{FAE04EC0-301F-11D3-BF4B-00C04F79EFBC}") = "Core", "Core\Core.csproj", "{8820EC10-65F9-406B-B612-CECA2F2E9827}"
EndProject
Project("{FAE04EC0-301F-11D3-BF4B-00C04F79EFBC}") = "Config", "Config\Config.csproj", "{7E808700-EACA-4FE5-80DE-3B9811A2C67A}"
EndProject
Project("{FAE04EC0-301F-11D3-BF4B-00C04F79EFBC}") = "Protocol", "Protocol\Protocol.csproj", "{B6676BB2-DCAF-42B2-ACFF-F94F409653B2}"
EndProject
Project("{FAE04EC0-301F-11D3-BF4B-00C04F79EFBC}") = "Logging", "Logging\Logging.csproj", "{73FDE06B-E56A-4DF5-B2A7-05B780E5AA21}"
EndProject
Project("{FAE04EC0-301F-11D3-BF4B-00C04F79EFBC}") = "Utils", "Utils\Utils.csproj", "{BE77FCF7-2B11-4CA5-B988-2B5135188CDB}"
EndProject
Project("{FAE04EC0-301F-11D3-BF4B-00C04F79EFBC}") = "Persistence", "Persistence\Persistence.csproj", "{3A8CFC2E-35F6-4F15-A58A-26458B6AE244}"
EndProject
Project("{FAE04EC0-301F-11D3-BF4B-00C04F79EFBC}") = "Entities", "Entities\Entities.csproj", "{18F4D8B0-F6EF-4610-9A5F-01215942972C}"
EndProject
Project("{FAE04EC0-301F-11D3-BF4B-00C04F79EFBC}") = "Tests", "Tests\Tests.csproj", "{33231EF8-868E-478A-BF52-0B26924D7D89}"
EndProject
Project("{FAE04EC0-301F-11D3-BF4B-00C04F79EFBC}") = "Wrapper", "Wrapper\Wrapper.csproj", "{664BAB53-8780-4D5F-9C46-8A8768276F0F}"
EndProject
Project("{FAE04EC0-301F-11D3-BF4B-00C04F79EFBC}") = "UI", "UI\UI.csproj", "{643EE4B5-7D96-4DD7-8626-64AD7D742670}"
EndProject
Global
	GlobalSection(SolutionConfigurationPlatforms) = preSolution
		Debug|Any CPU = Debug|Any CPU
		Release|Any CPU = Release|Any CPU
	EndGlobalSection
	GlobalSection(ProjectConfigurationPlatforms) = postSolution
		{00E840B7-5D18-44E0-BAD5-6D144C6F4151}.Debug|Any CPU.ActiveCfg = Debug|Any CPU
		{00E840B7-5D18-44E0-BAD5-6D144C6F4151}.Debug|Any CPU.Build.0 = Debug|Any CPU
		{00E840B7-5D18-44E0-BAD5-6D144C6F4151}.Release|Any CPU.ActiveCfg = Release|Any CPU
		{00E840B7-5D18-44E0-BAD5-6D144C6F4151}.Release|Any CPU.Build.0 = Release|Any CPU
		{8820EC10-65F9-406B-B612-CECA2F2E9827}.Debug|Any CPU.ActiveCfg = Debug|Any CPU
		{8820EC10-65F9-406B-B612-CECA2F2E9827}.Debug|Any CPU.Build.0 = Debug|Any CPU
		{8820EC10-65F9-406B-B612-CECA2F2E9827}.Release|Any CPU.ActiveCfg = Release|Any CPU
		{8820EC10-65F9-406B-B612-CECA2F2E9827}.Release|Any CPU.Build.0 = Release|Any CPU
		{7E808700-EACA-4FE5-80DE-3B9811A2C67A}.Debug|Any CPU.ActiveCfg = Debug|Any CPU
		{7E808700-EACA-4FE5-80DE-3B9811A2C67A}.Debug|Any CPU.Build.0 = Debug|Any CPU
		{7E808700-EACA-4FE5-80DE-3B9811A2C67A}.Release|Any CPU.ActiveCfg = Release|Any CPU
		{7E808700-EACA-4FE5-80DE-3B9811A2C67A}.Release|Any CPU.Build.0 = Release|Any CPU
		{B6676BB2-DCAF-42B2-ACFF-F94F409653B2}.Debug|Any CPU.ActiveCfg = Debug|Any CPU
		{B6676BB2-DCAF-42B2-ACFF-F94F409653B2}.Debug|Any CPU.Build.0 = Debug|Any CPU
		{B6676BB2-DCAF-42B2-ACFF-F94F409653B2}.Release|Any CPU.ActiveCfg = Release|Any CPU
		{B6676BB2-DCAF-42B2-ACFF-F94F409653B2}.Release|Any CPU.Build.0 = Release|Any CPU
		{73FDE06B-E56A-4DF5-B2A7-05B780E5AA21}.Debug|Any CPU.ActiveCfg = Debug|Any CPU
		{73FDE06B-E56A-4DF5-B2A7-05B780E5AA21}.Debug|Any CPU.Build.0 = Debug|Any CPU
		{73FDE06B-E56A-4DF5-B2A7-05B780E5AA21}.Release|Any CPU.ActiveCfg = Release|Any CPU
		{73FDE06B-E56A-4DF5-B2A7-05B780E5AA21}.Release|Any CPU.Build.0 = Release|Any CPU
		{BE77FCF7-2B11-4CA5-B988-2B5135188CDB}.Debug|Any CPU.ActiveCfg = Debug|Any CPU
		{BE77FCF7-2B11-4CA5-B988-2B5135188CDB}.Debug|Any CPU.Build.0 = Debug|Any CPU
		{BE77FCF7-2B11-4CA5-B988-2B5135188CDB}.Release|Any CPU.ActiveCfg = Release|Any CPU
		{BE77FCF7-2B11-4CA5-B988-2B5135188CDB}.Release|Any CPU.Build.0 = Release|Any CPU
		{3A8CFC2E-35F6-4F15-A58A-26458B6AE244}.Debug|Any CPU.ActiveCfg = Debug|Any CPU
		{3A8CFC2E-35F6-4F15-A58A-26458B6AE244}.Debug|Any CPU.Build.0 = Debug|Any CPU
		{3A8CFC2E-35F6-4F15-A58A-26458B6AE244}.Release|Any CPU.ActiveCfg = Release|Any CPU
		{3A8CFC2E-35F6-4F15-A58A-26458B6AE244}.Release|Any CPU.Build.0 = Release|Any CPU
		{18F4D8B0-F6EF-4610-9A5F-01215942972C}.Debug|Any CPU.ActiveCfg = Debug|Any CPU
		{18F4D8B0-F6EF-4610-9A5F-01215942972C}.Debug|Any CPU.Build.0 = Debug|Any CPU
		{18F4D8B0-F6EF-4610-9A5F-01215942972C}.Release|Any CPU.ActiveCfg = Release|Any CPU
		{18F4D8B0-F6EF-4610-9A5F-01215942972C}.Release|Any CPU.Build.0 = Release|Any CPU
		{33231EF8-868E-478A-BF52-0B26924D7D89}.Debug|Any CPU.ActiveCfg = Debug|Any CPU
		{33231EF8-868E-478A-BF52-0B26924D7D89}.Debug|Any CPU.Build.0 = Debug|Any CPU
		{33231EF8-868E-478A-BF52-0B26924D7D89}.Release|Any CPU.ActiveCfg = Release|Any CPU
		{33231EF8-868E-478A-BF52-0B26924D7D89}.Release|Any CPU.Build.0 = Release|Any CPU
		{664BAB53-8780-4D5F-9C46-8A8768276F0F}.Debug|Any CPU.ActiveCfg = Debug|Any CPU
		{664BAB53-8780-4D5F-9C46-8A8768276F0F}.Debug|Any CPU.Build.0 = Debug|Any CPU
		{664BAB53-8780-4D5F-9C46-8A8768276F0F}.Release|Any CPU.ActiveCfg = Release|Any CPU
		{664BAB53-8780-4D5F-9C46-8A8768276F0F}.Release|Any CPU.Build.0 = Release|Any CPU
		{643EE4B5-7D96-4DD7-8626-64AD7D742670}.Debug|Any CPU.ActiveCfg = Debug|Any CPU
		{643EE4B5-7D96-4DD7-8626-64AD7D742670}.Debug|Any CPU.Build.0 = Debug|Any CPU
		{643EE4B5-7D96-4DD7-8626-64AD7D742670}.Release|Any CPU.ActiveCfg = Release|Any CPU
		{643EE4B5-7D96-4DD7-8626-64AD7D742670}.Release|Any CPU.Build.0 = Release|Any CPU
	EndGlobalSection
	GlobalSection(SolutionProperties) = preSolution
		HideSolutionNode = FALSE
	EndGlobalSection
EndGlobal
